{
  "requires": true,
  "lockfileVersion": 1,
  "dependencies": {
    "lgrgic-palindrome": {
      "version": "0.2.0",
      "resolved": "https://registry.npmjs.org/lgrgic-palindrome/-/lgrgic-palindrome-0.2.0.tgz",
      "integrity": "sha512-vtNLB3sOQ4ESRH1GjMgcbdnQSzjp+yW5Y9d8jtu9pdIDRyJBfZoruAQYS+0LpmsnuTydkLZIWoG/yRLDK5HomA=="
    }
  }
}
