{
  "requires": true,
  "lockfileVersion": 1,
  "dependencies": {
    "lgrgic-palindrome": {
      "version": "0.1.0",
      "resolved": "https://registry.npmjs.org/lgrgic-palindrome/-/lgrgic-palindrome-0.1.0.tgz",
      "integrity": "sha512-5bXXb3Zlg54aOa71OtVdhnGdnS0pGWTxRdJvkTo1LMwJH2O3Zd1CkWXWyyFm2vN7rk3b5dA0GGdBE1BLst8AOw=="
    }
  }
}
